
Microsoft Visual Studio Solution File, Format Version 12.00
# Visual Studio Version 17
VisualStudioVersion = 17.7.34031.279
MinimumVisualStudioVersion = 10.0.40219.1
Project("{FAE04EC0-301F-11D3-BF4B-00C04F79EFBC}") = "Comestibles.FE", "Comestibles.FE\Comestibles.FE.csproj", "{4E6CE00E-8E71-46CB-89D1-DFADC4C9E2E7}"
EndProject
Project("{FAE04EC0-301F-11D3-BF4B-00C04F79EFBC}") = "Comestibles.BE", "Comestibles.BE\Comestibles.BE.csproj", "{CFA814EF-B9EE-429E-99FE-92204011870E}"
EndProject
Global
	GlobalSection(SolutionConfigurationPlatforms) = preSolution
		Debug|Any CPU = Debug|Any CPU
		Release|Any CPU = Release|Any CPU
	EndGlobalSection
	GlobalSection(ProjectConfigurationPlatforms) = postSolution
		{4E6CE00E-8E71-46CB-89D1-DFADC4C9E2E7}.Debug|Any CPU.ActiveCfg = Debug|Any CPU
		{4E6CE00E-8E71-46CB-89D1-DFADC4C9E2E7}.Debug|Any CPU.Build.0 = Debug|Any CPU
		{4E6CE00E-8E71-46CB-89D1-DFADC4C9E2E7}.Release|Any CPU.ActiveCfg = Release|Any CPU
		{4E6CE00E-8E71-46CB-89D1-DFADC4C9E2E7}.Release|Any CPU.Build.0 = Release|Any CPU
		{CFA814EF-B9EE-429E-99FE-92204011870E}.Debug|Any CPU.ActiveCfg = Debug|Any CPU
		{CFA814EF-B9EE-429E-99FE-92204011870E}.Debug|Any CPU.Build.0 = Debug|Any CPU
		{CFA814EF-B9EE-429E-99FE-92204011870E}.Release|Any CPU.ActiveCfg = Release|Any CPU
		{CFA814EF-B9EE-429E-99FE-92204011870E}.Release|Any CPU.Build.0 = Release|Any CPU
	EndGlobalSection
	GlobalSection(SolutionProperties) = preSolution
		HideSolutionNode = FALSE
	EndGlobalSection
	GlobalSection(ExtensibilityGlobals) = postSolution
		SolutionGuid = {2FF5E0AE-0F22-4D35-8219-E48B914F2665}
	EndGlobalSection
EndGlobal
